
Microsoft Visual Studio Solution File, Format Version 12.00
# Visual Studio Version 17
VisualStudioVersion = 17.14.36429.23 d17.14
MinimumVisualStudioVersion = 10.0.40219.1
Project("{FAE04EC0-301F-11D3-BF4B-00C04F79EFBC}") = "HKAlwaysRun", "HKAlwaysRun\HKAlwaysRun.csproj", "{D4953D4C-417C-4919-AB57-7EC8947B3216}"
EndProject
Global
	GlobalSection(SolutionConfigurationPlatforms) = preSolution
		Debug|Any CPU = Debug|Any CPU
		Release|Any CPU = Release|Any CPU
	EndGlobalSection
	GlobalSection(ProjectConfigurationPlatforms) = postSolution
		{D4953D4C-417C-4919-AB57-7EC8947B3216}.Debug|Any CPU.ActiveCfg = Debug|Any CPU
		{D4953D4C-417C-4919-AB57-7EC8947B3216}.Debug|Any CPU.Build.0 = Debug|Any CPU
		{D4953D4C-417C-4919-AB57-7EC8947B3216}.Release|Any CPU.ActiveCfg = Release|Any CPU
		{D4953D4C-417C-4919-AB57-7EC8947B3216}.Release|Any CPU.Build.0 = Release|Any CPU
	EndGlobalSection
	GlobalSection(SolutionProperties) = preSolution
		HideSolutionNode = FALSE
	EndGlobalSection
	GlobalSection(ExtensibilityGlobals) = postSolution
		SolutionGuid = {CDC5C1B5-EB84-4C3A-A9A4-2076E04F9D26}
	EndGlobalSection
EndGlobal
